// !$*UTF8*$!
{
	archiveVersion = 1;
	classes = {
	};
	objectVersion = 46;
	objects = {

/* Begin PBXBuildFile section */
		83F4F4261A5F25230089D433 /* main.m in Sources */ = {isa = PBXBuildFile; fileRef = 83F4F4251A5F25230089D433 /* main.m */; };
		83F4F4291A5F25230089D433 /* AppDelegate.m in Sources */ = {isa = PBXBuildFile; fileRef = 83F4F4281A5F25230089D433 /* AppDelegate.m */; };
		83F4F42C1A5F25230089D433 /* ViewController.m in Sources */ = {isa = PBXBuildFile; fileRef = 83F4F42B1A5F25230089D433 /* ViewController.m */; };
		83F4F42F1A5F25230089D433 /* Main.storyboard in Resources */ = {isa = PBXBuildFile; fileRef = 83F4F42D1A5F25230089D433 /* Main.storyboard */; };
		83F4F4311A5F25230089D433 /* Images.xcassets in Resources */ = {isa = PBXBuildFile; fileRef = 83F4F4301A5F25230089D433 /* Images.xcassets */; };
		83F4F4341A5F25230089D433 /* LaunchScreen.xib in Resources */ = {isa = PBXBuildFile; fileRef = 83F4F4321A5F25230089D433 /* LaunchScreen.xib */; };
		83F4F4401A5F25230089D433 /* TicTacToeTests.m in Sources */ = {isa = PBXBuildFile; fileRef = 83F4F43F1A5F25230089D433 /* TicTacToeTests.m */; };
/* End PBXBuildFile section */

/* Begin PBXContainerItemProxy section */
		83F4F43A1A5F25230089D433 /* PBXContainerItemProxy */ = {
			isa = PBXContainerItemProxy;
			containerPortal = 83F4F4181A5F25220089D433 /* Project object */;
			proxyType = 1;
			remoteGlobalIDString = 83F4F41F1A5F25230089D433;
			remoteInfo = TicTacToe;
		};
/* End PBXContainerItemProxy section */

/* Begin PBXFileReference section */
		83F4F4201A5F25230089D433 /* TicTacToe.app */ = {isa = PBXFileReference; explicitFileType = wrapper.application; includeInIndex = 0; path = TicTacToe.app; sourceTree = BUILT_PRODUCTS_DIR; };
		83F4F4241A5F25230089D433 /* Info.plist */ = {isa = PBXFileReference; lastKnownFileType = text.plist.xml; path = Info.plist; sourceTree = "<group>"; };
		83F4F4251A5F25230089D433 /* main.m */ = {isa = PBXFileReference; lastKnownFileType = sourcecode.c.objc; path = main.m; sourceTree = "<group>"; };
		83F4F4271A5F25230089D433 /* AppDelegate.h */ = {isa = PBXFileReference; lastKnownFileType = sourcecode.c.h; path = AppDelegate.h; sourceTree = "<group>"; };
		83F4F4281A5F25230089D433 /* AppDelegate.m */ = {isa = PBXFileReference; lastKnownFileType = sourcecode.c.objc; path = AppDelegate.m; sourceTree = "<group>"; };
		83F4F42A1A5F25230089D433 /* ViewController.h */ = {isa = PBXFileReference; lastKnownFileType = sourcecode.c.h; path = ViewController.h; sourceTree = "<group>"; };
		83F4F42B1A5F25230089D433 /* ViewController.m */ = {isa = PBXFileReference; lastKnownFileType = sourcecode.c.objc; path = ViewController.m; sourceTree = "<group>"; };
		83F4F42E1A5F25230089D433 /* Base */ = {isa = PBXFileReference; lastKnownFileType = file.storyboard; name = Base; path = Base.lproj/Main.storyboard; sourceTree = "<group>"; };
		83F4F4301A5F25230089D433 /* Images.xcassets */ = {isa = PBXFileReference; lastKnownFileType = folder.assetcatalog; path = Images.xcassets; sourceTree = "<group>"; };
		83F4F4331A5F25230089D433 /* Base */ = {isa = PBXFileReference; lastKnownFileType = file.xib; name = Base; path = Base.lproj/LaunchScreen.xib; sourceTree = "<group>"; };
		83F4F4391A5F25230089D433 /* TicTacToeTests.xctest */ = {isa = PBXFileReference; explicitFileType = wrapper.cfbundle; includeInIndex = 0; path = TicTacToeTests.xctest; sourceTree = BUILT_PRODUCTS_DIR; };
		83F4F43E1A5F25230089D433 /* Info.plist */ = {isa = PBXFileReference; lastKnownFileType = text.plist.xml; path = Info.plist; sourceTree = "<group>"; };
		83F4F43F1A5F25230089D433 /* TicTacToeTests.m */ = {isa = PBXFileReference; lastKnownFileType = sourcecode.c.objc; path = TicTacToeTests.m; sourceTree = "<group>"; };
/* End PBXFileReference section */

/* Begin PBXFrameworksBuildPhase section */
		83F4F41D1A5F25230089D433 /* Frameworks */ = {
			isa = PBXFrameworksBuildPhase;
			buildActionMask = 2147483647;
			files = (
			);
			runOnlyForDeploymentPostprocessing = 0;
		};
		83F4F4361A5F25230089D433 /* Frameworks */ = {
			isa = PBXFrameworksBuildPhase;
			buildActionMask = 2147483647;
			files = (
			);
			runOnlyForDeploymentPostprocessing = 0;
		};
/* End PBXFrameworksBuildPhase section */

/* Begin PBXGroup section */
		83F4F4171A5F25220089D433 = {
			isa = PBXGroup;
			children = (
				83F4F4221A5F25230089D433 /* TicTacToe */,
				83F4F43C1A5F25230089D433 /* TicTacToeTests */,
				83F4F4211A5F25230089D433 /* Products */,
			);
			sourceTree = "<group>";
		};
		83F4F4211A5F25230089D433 /* Products */ = {
			isa = PBXGroup;
			children = (
				83F4F4201A5F25230089D433 /* TicTacToe.app */,
				83F4F4391A5F25230089D433 /* TicTacToeTests.xctest */,
			);
			name = Products;
			sourceTree = "<group>";
		};
		83F4F4221A5F25230089D433 /* TicTacToe */ = {
			isa = PBXGroup;
			children = (
				83F4F4271A5F25230089D433 /* AppDelegate.h */,
				83F4F4281A5F25230089D433 /* AppDelegate.m */,
				83F4F42A1A5F25230089D433 /* ViewController.h */,
				83F4F42B1A5F25230089D433 /* ViewController.m */,
				83F4F42D1A5F25230089D433 /* Main.storyboard */,
				83F4F4301A5F25230089D433 /* Images.xcassets */,
				83F4F4321A5F25230089D433 /* LaunchScreen.xib */,
				83F4F4231A5F25230089D433 /* Supporting Files */,
			);
			path = TicTacToe;
			sourceTree = "<group>";
		};
		83F4F4231A5F25230089D433 /* Supporting Files */ = {
			isa = PBXGroup;
			children = (
				83F4F4241A5F25230089D433 /* Info.plist */,
				83F4F4251A5F25230089D433 /* main.m */,
			);
			name = "Supporting Files";
			sourceTree = "<group>";
		};
		83F4F43C1A5F25230089D433 /* TicTacToeTests */ = {
			isa = PBXGroup;
			children = (
				83F4F43F1A5F25230089D433 /* TicTacToeTests.m */,
				83F4F43D1A5F25230089D433 /* Supporting Files */,
			);
			path = TicTacToeTests;
			sourceTree = "<group>";
		};
		83F4F43D1A5F25230089D433 /* Supporting Files */ = {
			isa = PBXGroup;
			children = (
				83F4F43E1A5F25230089D433 /* Info.plist */,
			);
			name = "Supporting Files";
			sourceTree = "<group>";
		};
/* End PBXGroup section */

/* Begin PBXNativeTarget section */
		83F4F41F1A5F25230089D433 /* TicTacToe */ = {
			isa = PBXNativeTarget;
			buildConfigurationList = 83F4F4431A5F25230089D433 /* Build configuration list for PBXNativeTarget "TicTacToe" */;
			buildPhases = (
				83F4F41C1A5F25230089D433 /* Sources */,
				83F4F41D1A5F25230089D433 /* Frameworks */,
				83F4F41E1A5F25230089D433 /* Resources */,
			);
			buildRules = (
			);
			dependencies = (
			);
			name = TicTacToe;
			productName = TicTacToe;
			productReference = 83F4F4201A5F25230089D433 /* TicTacToe.app */;
			productType = "com.apple.product-type.application";
		};
		83F4F4381A5F25230089D433 /* TicTacToeTests */ = {
			isa = PBXNativeTarget;
			buildConfigurationList = 83F4F4461A5F25230089D433 /* Build configuration list for PBXNativeTarget "TicTacToeTests" */;
			buildPhases = (
				83F4F4351A5F25230089D433 /* Sources */,
				83F4F4361A5F25230089D433 /* Frameworks */,
				83F4F4371A5F25230089D433 /* Resources */,
			);
			buildRules = (
			);
			dependencies = (
				83F4F43B1A5F25230089D433 /* PBXTargetDependency */,
			);
			name = TicTacToeTests;
			productName = TicTacToeTests;
			productReference = 83F4F4391A5F25230089D433 /* TicTacToeTests.xctest */;
			productType = "com.apple.product-type.bundle.unit-test";
		};
/* End PBXNativeTarget section */

/* Begin PBXProject section */
		83F4F4181A5F25220089D433 /* Project object */ = {
			isa = PBXProject;
			attributes = {
				LastUpgradeCheck = 0610;
				ORGANIZATIONNAME = "Shannon Beck";
				TargetAttributes = {
					83F4F41F1A5F25230089D433 = {
						CreatedOnToolsVersion = 6.1.1;
					};
					83F4F4381A5F25230089D433 = {
						CreatedOnToolsVersion = 6.1.1;
						TestTargetID = 83F4F41F1A5F25230089D433;
					};
				};
			};
			buildConfigurationList = 83F4F41B1A5F25220089D433 /* Build configuration list for PBXProject "TicTacToe" */;
			compatibilityVersion = "Xcode 3.2";
			developmentRegion = English;
			hasScannedForEncodings = 0;
			knownRegions = (
				en,
				Base,
			);
			mainGroup = 83F4F4171A5F25220089D433;
			productRefGroup = 83F4F4211A5F25230089D433 /* Products */;
			projectDirPath = "";
			projectRoot = "";
			targets = (
				83F4F41F1A5F25230089D433 /* TicTacToe */,
				83F4F4381A5F25230089D433 /* TicTacToeTests */,
			);
		};
/* End PBXProject section */

/* Begin PBXResourcesBuildPhase section */
		83F4F41E1A5F25230089D433 /* Resources */ = {
			isa = PBXResourcesBuildPhase;
			buildActionMask = 2147483647;
			files = (
				83F4F42F1A5F25230089D433 /* Main.storyboard in Resources */,
				83F4F4341A5F25230089D433 /* LaunchScreen.xib in Resources */,
				83F4F4311A5F25230089D433 /* Images.xcassets in Resources */,
			);
			runOnlyForDeploymentPostprocessing = 0;
		};
		83F4F4371A5F25230089D433 /* Resources */ = {
			isa = PBXResourcesBuildPhase;
			buildActionMask = 2147483647;
			files = (
			);
			runOnlyForDeploymentPostprocessing = 0;
		};
/* End PBXResourcesBuildPhase section */

/* Begin PBXSourcesBuildPhase section */
		83F4F41C1A5F25230089D433 /* Sources */ = {
			isa = PBXSourcesBuildPhase;
			buildActionMask = 2147483647;
			files = (
				83F4F42C1A5F25230089D433 /* ViewController.m in Sources */,
				83F4F4291A5F25230089D433 /* AppDelegate.m in Sources */,
				83F4F4261A5F25230089D433 /* main.m in Sources */,
			);
			runOnlyForDeploymentPostprocessing = 0;
		};
		83F4F4351A5F25230089D433 /* Sources */ = {
			isa = PBXSourcesBuildPhase;
			buildActionMask = 2147483647;
			files = (
				83F4F4401A5F25230089D433 /* TicTacToeTests.m in Sources */,
			);
			runOnlyForDeploymentPostprocessing = 0;
		};
/* End PBXSourcesBuildPhase section */

/* Begin PBXTargetDependency section */
		83F4F43B1A5F25230089D433 /* PBXTargetDependency */ = {
			isa = PBXTargetDependency;
			target = 83F4F41F1A5F25230089D433 /* TicTacToe */;
			targetProxy = 83F4F43A1A5F25230089D433 /* PBXContainerItemProxy */;
		};
/* End PBXTargetDependency section */

/* Begin PBXVariantGroup section */
		83F4F42D1A5F25230089D433 /* Main.storyboard */ = {
			isa = PBXVariantGroup;
			children = (
				83F4F42E1A5F25230089D433 /* Base */,
			);
			name = Main.storyboard;
			sourceTree = "<group>";
		};
		83F4F4321A5F25230089D433 /* LaunchScreen.xib */ = {
			isa = PBXVariantGroup;
			children = (
				83F4F4331A5F25230089D433 /* Base */,
			);
			name = LaunchScreen.xib;
			sourceTree = "<group>";
		};
/* End PBXVariantGroup section */

/* Begin XCBuildConfiguration section */
		83F4F4411A5F25230089D433 /* Debug */ = {
			isa = XCBuildConfiguration;
			buildSettings = {
				ALWAYS_SEARCH_USER_PATHS = NO;
				CLANG_CXX_LANGUAGE_STANDARD = "gnu++0x";
				CLANG_CXX_LIBRARY = "libc++";
				CLANG_ENABLE_MODULES = YES;
				CLANG_ENABLE_OBJC_ARC = YES;
				CLANG_WARN_BOOL_CONVERSION = YES;
				CLANG_WARN_CONSTANT_CONVERSION = YES;
				CLANG_WARN_DIRECT_OBJC_ISA_USAGE = YES_ERROR;
				CLANG_WARN_EMPTY_BODY = YES;
				CLANG_WARN_ENUM_CONVERSION = YES;
				CLANG_WARN_INT_CONVERSION = YES;
				CLANG_WARN_OBJC_ROOT_CLASS = YES_ERROR;
				CLANG_WARN_UNREACHABLE_CODE = YES;
				CLANG_WARN__DUPLICATE_METHOD_MATCH = YES;
				"CODE_SIGN_IDENTITY[sdk=iphoneos*]" = "iPhone Developer";
				COPY_PHASE_STRIP = NO;
				ENABLE_STRICT_OBJC_MSGSEND = YES;
				GCC_C_LANGUAGE_STANDARD = gnu99;
				GCC_DYNAMIC_NO_PIC = NO;
				GCC_OPTIMIZATION_LEVEL = 0;
				GCC_PREPROCESSOR_DEFINITIONS = (
					"DEBUG=1",
					"$(inherited)",
				);
				GCC_SYMBOLS_PRIVATE_EXTERN = NO;
				GCC_WARN_64_TO_32_BIT_CONVERSION = YES;
				GCC_WARN_ABOUT_RETURN_TYPE = YES_ERROR;
				GCC_WARN_UNDECLARED_SELECTOR = YES;
				GCC_WARN_UNINITIALIZED_AUTOS = YES_AGGRESSIVE;
				GCC_WARN_UNUSED_FUNCTION = YES;
				GCC_WARN_UNUSED_VARIABLE = YES;
				IPHONEOS_DEPLOYMENT_TARGET = 8.1;
				MTL_ENABLE_DEBUG_INFO = YES;
				ONLY_ACTIVE_ARCH = YES;
				SDKROOT = iphoneos;
			};
			name = Debug;
		};
		83F4F4421A5F25230089D433 /* Release */ = {
			isa = XCBuildConfiguration;
			buildSettings = {
				ALWAYS_SEARCH_USER_PATHS = NO;
				CLANG_CXX_LANGUAGE_STANDARD = "gnu++0x";
				CLANG_CXX_LIBRARY = "libc++";
				CLANG_ENABLE_MODULES = YES;
				CLANG_ENABLE_OBJC_ARC = YES;
				CLANG_WARN_BOOL_CONVERSION = YES;
				CLANG_WARN_CONSTANT_CONVERSION = YES;
				CLANG_WARN_DIRECT_OBJC_ISA_USAGE = YES_ERROR;
				CLANG_WARN_EMPTY_BODY = YES;
				CLANG_WARN_ENUM_CONVERSION = YES;
				CLANG_WARN_INT_CONVERSION = YES;
				CLANG_WARN_OBJC_ROOT_CLASS = YES_ERROR;
				CLANG_WARN_UNREACHABLE_CODE = YES;
				CLANG_WARN__DUPLICATE_METHOD_MATCH = YES;
				"CODE_SIGN_IDENTITY[sdk=iphoneos*]" = "iPhone Developer";
				COPY_PHASE_STRIP = YES;
				ENABLE_NS_ASSERTIONS = NO;
				ENABLE_STRICT_OBJC_MSGSEND = YES;
				GCC_C_LANGUAGE_STANDARD = gnu99;
				GCC_WARN_64_TO_32_BIT_CONVERSION = YES;
				GCC_WARN_ABOUT_RETURN_TYPE = YES_ERROR;
				GCC_WARN_UNDECLARED_SELECTOR = YES;
				GCC_WARN_UNINITIALIZED_AUTOS = YES_AGGRESSIVE;
				GCC_WARN_UNUSED_FUNCTION = YES;
				GCC_WARN_UNUSED_VARIABLE = YES;
				IPHONEOS_DEPLOYMENT_TARGET = 8.1;
				MTL_ENABLE_DEBUG_INFO = NO;
				SDKROOT = iphoneos;
				VALIDATE_PRODUCT = YES;
			};
			name = Release;
		};
		83F4F4441A5F25230089D433 /* Debug */ = {
			isa = XCBuildConfiguration;
			buildSettings = {
				ASSETCATALOG_COMPILER_APPICON_NAME = AppIcon;
				INFOPLIST_FILE = TicTacToe/Info.plist;
				LD_RUNPATH_SEARCH_PATHS = "$(inherited) @executable_path/Frameworks";
				PRODUCT_NAME = "$(TARGET_NAME)";
			};
			name = Debug;
		};
		83F4F4451A5F25230089D433 /* Release */ = {
			isa = XCBuildConfiguration;
			buildSettings = {
				ASSETCATALOG_COMPILER_APPICON_NAME = AppIcon;
				INFOPLIST_FILE = TicTacToe/Info.plist;
				LD_RUNPATH_SEARCH_PATHS = "$(inherited) @executable_path/Frameworks";
				PRODUCT_NAME = "$(TARGET_NAME)";
			};
			name = Release;
		};
		83F4F4471A5F25230089D433 /* Debug */ = {
			isa = XCBuildConfiguration;
			buildSettings = {
				BUNDLE_LOADER = "$(TEST_HOST)";
				FRAMEWORK_SEARCH_PATHS = (
					"$(SDKROOT)/Developer/Library/Frameworks",
					"$(inherited)",
				);
				GCC_PREPROCESSOR_DEFINITIONS = (
					"DEBUG=1",
					"$(inherited)",
				);
				INFOPLIST_FILE = TicTacToeTests/Info.plist;
				LD_RUNPATH_SEARCH_PATHS = "$(inherited) @executable_path/Frameworks @loader_path/Frameworks";
				PRODUCT_NAME = "$(TARGET_NAME)";
				TEST_HOST = "$(BUILT_PRODUCTS_DIR)/TicTacToe.app/TicTacToe";
			};
			name = Debug;
		};
		83F4F4481A5F25230089D433 /* Release */ = {
			isa = XCBuildConfiguration;
			buildSettings = {
				BUNDLE_LOADER = "$(TEST_HOST)";
				FRAMEWORK_SEARCH_PATHS = (
					"$(SDKROOT)/Developer/Library/Frameworks",
					"$(inherited)",
				);
				INFOPLIST_FILE = TicTacToeTests/Info.plist;
				LD_RUNPATH_SEARCH_PATHS = "$(inherited) @executable_path/Frameworks @loader_path/Frameworks";
				PRODUCT_NAME = "$(TARGET_NAME)";
				TEST_HOST = "$(BUILT_PRODUCTS_DIR)/TicTacToe.app/TicTacToe";
			};
			name = Release;
		};
/* End XCBuildConfiguration section */

/* Begin XCConfigurationList section */
		83F4F41B1A5F25220089D433 /* Build configuration list for PBXProject "TicTacToe" */ = {
			isa = XCConfigurationList;
			buildConfigurations = (
				83F4F4411A5F25230089D433 /* Debug */,
				83F4F4421A5F25230089D433 /* Release */,
			);
			defaultConfigurationIsVisible = 0;
			defaultConfigurationName = Release;
		};
		83F4F4431A5F25230089D433 /* Build configuration list for PBXNativeTarget "TicTacToe" */ = {
			isa = XCConfigurationList;
			buildConfigurations = (
				83F4F4441A5F25230089D433 /* Debug */,
				83F4F4451A5F25230089D433 /* Release */,
			);
			defaultConfigurationIsVisible = 0;
		};
		83F4F4461A5F25230089D433 /* Build configuration list for PBXNativeTarget "TicTacToeTests" */ = {
			isa = XCConfigurationList;
			buildConfigurations = (
				83F4F4471A5F25230089D433 /* Debug */,
				83F4F4481A5F25230089D433 /* Release */,
			);
			defaultConfigurationIsVisible = 0;
		};
/* End XCConfigurationList section */
	};
	rootObject = 83F4F4181A5F25220089D433 /* Project object */;
}
